
Microsoft Visual Studio Solution File, Format Version 12.00
# Visual Studio Version 16
VisualStudioVersion = 16.0.28729.10
MinimumVisualStudioVersion = 10.0.40219.1
Project("{FAE04EC0-301F-11D3-BF4B-00C04F79EFBC}") = "针对SQL数据库 简单SQL语句程序", "针对SQL数据库 简单SQL语句程序.csproj", "{DA566A2D-09E1-4680-92FA-0BE5D284AB64}"
EndProject
Global
	GlobalSection(SolutionConfigurationPlatforms) = preSolution
		Debug|Any CPU = Debug|Any CPU
		Release|Any CPU = Release|Any CPU
	EndGlobalSection
	GlobalSection(ProjectConfigurationPlatforms) = postSolution
		{DA566A2D-09E1-4680-92FA-0BE5D284AB64}.Debug|Any CPU.ActiveCfg = Debug|Any CPU
		{DA566A2D-09E1-4680-92FA-0BE5D284AB64}.Debug|Any CPU.Build.0 = Debug|Any CPU
		{DA566A2D-09E1-4680-92FA-0BE5D284AB64}.Release|Any CPU.ActiveCfg = Release|Any CPU
		{DA566A2D-09E1-4680-92FA-0BE5D284AB64}.Release|Any CPU.Build.0 = Release|Any CPU
	EndGlobalSection
	GlobalSection(SolutionProperties) = preSolution
		HideSolutionNode = FALSE
	EndGlobalSection
	GlobalSection(ExtensibilityGlobals) = postSolution
		SolutionGuid = {D985BE77-1B1D-4186-84EE-BA93FBD82445}
	EndGlobalSection
EndGlobal
